
Microsoft Visual Studio Solution File, Format Version 12.00
# Visual Studio 15
VisualStudioVersion = 15.0.28307.902
MinimumVisualStudioVersion = 10.0.40219.1
Project("{FAE04EC0-301F-11D3-BF4B-00C04F79EFBC}") = "B20 Ex01 Ofir 307921320 Ilan 203442306", "B20 Ex01 Ofir 307921320 Ilan 203442306\B20 Ex01 Ofir 307921320 Ilan 203442306.csproj", "{50AE12B3-58F3-45E8-940A-8C5B65FD35D7}"
EndProject
Global
	GlobalSection(SolutionConfigurationPlatforms) = preSolution
		Debug|Any CPU = Debug|Any CPU
		Release|Any CPU = Release|Any CPU
	EndGlobalSection
	GlobalSection(ProjectConfigurationPlatforms) = postSolution
		{50AE12B3-58F3-45E8-940A-8C5B65FD35D7}.Debug|Any CPU.ActiveCfg = Debug|Any CPU
		{50AE12B3-58F3-45E8-940A-8C5B65FD35D7}.Debug|Any CPU.Build.0 = Debug|Any CPU
		{50AE12B3-58F3-45E8-940A-8C5B65FD35D7}.Release|Any CPU.ActiveCfg = Release|Any CPU
		{50AE12B3-58F3-45E8-940A-8C5B65FD35D7}.Release|Any CPU.Build.0 = Release|Any CPU
	EndGlobalSection
	GlobalSection(SolutionProperties) = preSolution
		HideSolutionNode = FALSE
	EndGlobalSection
	GlobalSection(ExtensibilityGlobals) = postSolution
		SolutionGuid = {8E1ADAE3-25B9-42AA-82D9-314E01F88AB5}
	EndGlobalSection
EndGlobal
